// !$*UTF8*$!
{
	archiveVersion = 1;
	classes = {
	};
	objectVersion = 50;
	objects = {

/* Begin PBXBuildFile section */
		8990154A20F7A04700DCBA6A /* AppDelegate.swift in Sources */ = {isa = PBXBuildFile; fileRef = 8990154920F7A04700DCBA6A /* AppDelegate.swift */; };
		8990154C20F7A04700DCBA6A /* GameScene.sks in Resources */ = {isa = PBXBuildFile; fileRef = 8990154B20F7A04700DCBA6A /* GameScene.sks */; };
		8990154E20F7A04700DCBA6A /* Actions.sks in Resources */ = {isa = PBXBuildFile; fileRef = 8990154D20F7A04700DCBA6A /* Actions.sks */; };
		8990155020F7A04700DCBA6A /* GameScene.swift in Sources */ = {isa = PBXBuildFile; fileRef = 8990154F20F7A04700DCBA6A /* GameScene.swift */; };
		8990155220F7A04700DCBA6A /* GameViewController.swift in Sources */ = {isa = PBXBuildFile; fileRef = 8990155120F7A04700DCBA6A /* GameViewController.swift */; };
		8990155520F7A04700DCBA6A /* Main.storyboard in Resources */ = {isa = PBXBuildFile; fileRef = 8990155320F7A04700DCBA6A /* Main.storyboard */; };
		8990155720F7A04700DCBA6A /* Assets.xcassets in Resources */ = {isa = PBXBuildFile; fileRef = 8990155620F7A04700DCBA6A /* Assets.xcassets */; };
		8990155A20F7A04700DCBA6A /* LaunchScreen.storyboard in Resources */ = {isa = PBXBuildFile; fileRef = 8990155820F7A04700DCBA6A /* LaunchScreen.storyboard */; };
		8990156520F7A04700DCBA6A /* BreakoutTests.swift in Sources */ = {isa = PBXBuildFile; fileRef = 8990156420F7A04700DCBA6A /* BreakoutTests.swift */; };
		8990157020F7A04700DCBA6A /* BreakoutUITests.swift in Sources */ = {isa = PBXBuildFile; fileRef = 8990156F20F7A04700DCBA6A /* BreakoutUITests.swift */; };
/* End PBXBuildFile section */

/* Begin PBXContainerItemProxy section */
		8990156120F7A04700DCBA6A /* PBXContainerItemProxy */ = {
			isa = PBXContainerItemProxy;
			containerPortal = 8990153E20F7A04600DCBA6A /* Project object */;
			proxyType = 1;
			remoteGlobalIDString = 8990154520F7A04600DCBA6A;
			remoteInfo = Breakout;
		};
		8990156C20F7A04700DCBA6A /* PBXContainerItemProxy */ = {
			isa = PBXContainerItemProxy;
			containerPortal = 8990153E20F7A04600DCBA6A /* Project object */;
			proxyType = 1;
			remoteGlobalIDString = 8990154520F7A04600DCBA6A;
			remoteInfo = Breakout;
		};
/* End PBXContainerItemProxy section */

/* Begin PBXFileReference section */
		8990154620F7A04600DCBA6A /* Breakout.app */ = {isa = PBXFileReference; explicitFileType = wrapper.application; includeInIndex = 0; path = Breakout.app; sourceTree = BUILT_PRODUCTS_DIR; };
		8990154920F7A04700DCBA6A /* AppDelegate.swift */ = {isa = PBXFileReference; lastKnownFileType = sourcecode.swift; path = AppDelegate.swift; sourceTree = "<group>"; };
		8990154B20F7A04700DCBA6A /* GameScene.sks */ = {isa = PBXFileReference; lastKnownFileType = file.sks; path = GameScene.sks; sourceTree = "<group>"; };
		8990154D20F7A04700DCBA6A /* Actions.sks */ = {isa = PBXFileReference; lastKnownFileType = file.sks; path = Actions.sks; sourceTree = "<group>"; };
		8990154F20F7A04700DCBA6A /* GameScene.swift */ = {isa = PBXFileReference; lastKnownFileType = sourcecode.swift; path = GameScene.swift; sourceTree = "<group>"; };
		8990155120F7A04700DCBA6A /* GameViewController.swift */ = {isa = PBXFileReference; lastKnownFileType = sourcecode.swift; path = GameViewController.swift; sourceTree = "<group>"; };
		8990155420F7A04700DCBA6A /* Base */ = {isa = PBXFileReference; lastKnownFileType = file.storyboard; name = Base; path = Base.lproj/Main.storyboard; sourceTree = "<group>"; };
		8990155620F7A04700DCBA6A /* Assets.xcassets */ = {isa = PBXFileReference; lastKnownFileType = folder.assetcatalog; path = Assets.xcassets; sourceTree = "<group>"; };
		8990155920F7A04700DCBA6A /* Base */ = {isa = PBXFileReference; lastKnownFileType = file.storyboard; name = Base; path = Base.lproj/LaunchScreen.storyboard; sourceTree = "<group>"; };
		8990155B20F7A04700DCBA6A /* Info.plist */ = {isa = PBXFileReference; lastKnownFileType = text.plist.xml; path = Info.plist; sourceTree = "<group>"; };
		8990156020F7A04700DCBA6A /* BreakoutTests.xctest */ = {isa = PBXFileReference; explicitFileType = wrapper.cfbundle; includeInIndex = 0; path = BreakoutTests.xctest; sourceTree = BUILT_PRODUCTS_DIR; };
		8990156420F7A04700DCBA6A /* BreakoutTests.swift */ = {isa = PBXFileReference; lastKnownFileType = sourcecode.swift; path = BreakoutTests.swift; sourceTree = "<group>"; };
		8990156620F7A04700DCBA6A /* Info.plist */ = {isa = PBXFileReference; lastKnownFileType = text.plist.xml; path = Info.plist; sourceTree = "<group>"; };
		8990156B20F7A04700DCBA6A /* BreakoutUITests.xctest */ = {isa = PBXFileReference; explicitFileType = wrapper.cfbundle; includeInIndex = 0; path = BreakoutUITests.xctest; sourceTree = BUILT_PRODUCTS_DIR; };
		8990156F20F7A04700DCBA6A /* BreakoutUITests.swift */ = {isa = PBXFileReference; lastKnownFileType = sourcecode.swift; path = BreakoutUITests.swift; sourceTree = "<group>"; };
		8990157120F7A04700DCBA6A /* Info.plist */ = {isa = PBXFileReference; lastKnownFileType = text.plist.xml; path = Info.plist; sourceTree = "<group>"; };
/* End PBXFileReference section */

/* Begin PBXFrameworksBuildPhase section */
		8990154320F7A04600DCBA6A /* Frameworks */ = {
			isa = PBXFrameworksBuildPhase;
			buildActionMask = 2147483647;
			files = (
			);
			runOnlyForDeploymentPostprocessing = 0;
		};
		8990155D20F7A04700DCBA6A /* Frameworks */ = {
			isa = PBXFrameworksBuildPhase;
			buildActionMask = 2147483647;
			files = (
			);
			runOnlyForDeploymentPostprocessing = 0;
		};
		8990156820F7A04700DCBA6A /* Frameworks */ = {
			isa = PBXFrameworksBuildPhase;
			buildActionMask = 2147483647;
			files = (
			);
			runOnlyForDeploymentPostprocessing = 0;
		};
/* End PBXFrameworksBuildPhase section */

/* Begin PBXGroup section */
		8990153D20F7A04600DCBA6A = {
			isa = PBXGroup;
			children = (
				8990154820F7A04600DCBA6A /* Breakout */,
				8990156320F7A04700DCBA6A /* BreakoutTests */,
				8990156E20F7A04700DCBA6A /* BreakoutUITests */,
				8990154720F7A04600DCBA6A /* Products */,
			);
			sourceTree = "<group>";
		};
		8990154720F7A04600DCBA6A /* Products */ = {
			isa = PBXGroup;
			children = (
				8990154620F7A04600DCBA6A /* Breakout.app */,
				8990156020F7A04700DCBA6A /* BreakoutTests.xctest */,
				8990156B20F7A04700DCBA6A /* BreakoutUITests.xctest */,
			);
			name = Products;
			sourceTree = "<group>";
		};
		8990154820F7A04600DCBA6A /* Breakout */ = {
			isa = PBXGroup;
			children = (
				8990154920F7A04700DCBA6A /* AppDelegate.swift */,
				8990154B20F7A04700DCBA6A /* GameScene.sks */,
				8990154D20F7A04700DCBA6A /* Actions.sks */,
				8990154F20F7A04700DCBA6A /* GameScene.swift */,
				8990155120F7A04700DCBA6A /* GameViewController.swift */,
				8990155320F7A04700DCBA6A /* Main.storyboard */,
				8990155620F7A04700DCBA6A /* Assets.xcassets */,
				8990155820F7A04700DCBA6A /* LaunchScreen.storyboard */,
				8990155B20F7A04700DCBA6A /* Info.plist */,
			);
			path = Breakout;
			sourceTree = "<group>";
		};
		8990156320F7A04700DCBA6A /* BreakoutTests */ = {
			isa = PBXGroup;
			children = (
				8990156420F7A04700DCBA6A /* BreakoutTests.swift */,
				8990156620F7A04700DCBA6A /* Info.plist */,
			);
			path = BreakoutTests;
			sourceTree = "<group>";
		};
		8990156E20F7A04700DCBA6A /* BreakoutUITests */ = {
			isa = PBXGroup;
			children = (
				8990156F20F7A04700DCBA6A /* BreakoutUITests.swift */,
				8990157120F7A04700DCBA6A /* Info.plist */,
			);
			path = BreakoutUITests;
			sourceTree = "<group>";
		};
/* End PBXGroup section */

/* Begin PBXNativeTarget section */
		8990154520F7A04600DCBA6A /* Breakout */ = {
			isa = PBXNativeTarget;
			buildConfigurationList = 8990157420F7A04700DCBA6A /* Build configuration list for PBXNativeTarget "Breakout" */;
			buildPhases = (
				8990154220F7A04600DCBA6A /* Sources */,
				8990154320F7A04600DCBA6A /* Frameworks */,
				8990154420F7A04600DCBA6A /* Resources */,
			);
			buildRules = (
			);
			dependencies = (
			);
			name = Breakout;
			productName = Breakout;
			productReference = 8990154620F7A04600DCBA6A /* Breakout.app */;
			productType = "com.apple.product-type.application";
		};
		8990155F20F7A04700DCBA6A /* BreakoutTests */ = {
			isa = PBXNativeTarget;
			buildConfigurationList = 8990157720F7A04700DCBA6A /* Build configuration list for PBXNativeTarget "BreakoutTests" */;
			buildPhases = (
				8990155C20F7A04700DCBA6A /* Sources */,
				8990155D20F7A04700DCBA6A /* Frameworks */,
				8990155E20F7A04700DCBA6A /* Resources */,
			);
			buildRules = (
			);
			dependencies = (
				8990156220F7A04700DCBA6A /* PBXTargetDependency */,
			);
			name = BreakoutTests;
			productName = BreakoutTests;
			productReference = 8990156020F7A04700DCBA6A /* BreakoutTests.xctest */;
			productType = "com.apple.product-type.bundle.unit-test";
		};
		8990156A20F7A04700DCBA6A /* BreakoutUITests */ = {
			isa = PBXNativeTarget;
			buildConfigurationList = 8990157A20F7A04700DCBA6A /* Build configuration list for PBXNativeTarget "BreakoutUITests" */;
			buildPhases = (
				8990156720F7A04700DCBA6A /* Sources */,
				8990156820F7A04700DCBA6A /* Frameworks */,
				8990156920F7A04700DCBA6A /* Resources */,
			);
			buildRules = (
			);
			dependencies = (
				8990156D20F7A04700DCBA6A /* PBXTargetDependency */,
			);
			name = BreakoutUITests;
			productName = BreakoutUITests;
			productReference = 8990156B20F7A04700DCBA6A /* BreakoutUITests.xctest */;
			productType = "com.apple.product-type.bundle.ui-testing";
		};
/* End PBXNativeTarget section */

/* Begin PBXProject section */
		8990153E20F7A04600DCBA6A /* Project object */ = {
			isa = PBXProject;
			attributes = {
				LastSwiftUpdateCheck = 0940;
				LastUpgradeCheck = 0940;
				ORGANIZATIONNAME = "Aslan Lee";
				TargetAttributes = {
					8990154520F7A04600DCBA6A = {
						CreatedOnToolsVersion = 9.4.1;
					};
					8990155F20F7A04700DCBA6A = {
						CreatedOnToolsVersion = 9.4.1;
						TestTargetID = 8990154520F7A04600DCBA6A;
					};
					8990156A20F7A04700DCBA6A = {
						CreatedOnToolsVersion = 9.4.1;
						TestTargetID = 8990154520F7A04600DCBA6A;
					};
				};
			};
			buildConfigurationList = 8990154120F7A04600DCBA6A /* Build configuration list for PBXProject "Breakout" */;
			compatibilityVersion = "Xcode 9.3";
			developmentRegion = en;
			hasScannedForEncodings = 0;
			knownRegions = (
				en,
				Base,
			);
			mainGroup = 8990153D20F7A04600DCBA6A;
			productRefGroup = 8990154720F7A04600DCBA6A /* Products */;
			projectDirPath = "";
			projectRoot = "";
			targets = (
				8990154520F7A04600DCBA6A /* Breakout */,
				8990155F20F7A04700DCBA6A /* BreakoutTests */,
				8990156A20F7A04700DCBA6A /* BreakoutUITests */,
			);
		};
/* End PBXProject section */

/* Begin PBXResourcesBuildPhase section */
		8990154420F7A04600DCBA6A /* Resources */ = {
			isa = PBXResourcesBuildPhase;
			buildActionMask = 2147483647;
			files = (
				8990155520F7A04700DCBA6A /* Main.storyboard in Resources */,
				8990154C20F7A04700DCBA6A /* GameScene.sks in Resources */,
				8990155720F7A04700DCBA6A /* Assets.xcassets in Resources */,
				8990155A20F7A04700DCBA6A /* LaunchScreen.storyboard in Resources */,
				8990154E20F7A04700DCBA6A /* Actions.sks in Resources */,
			);
			runOnlyForDeploymentPostprocessing = 0;
		};
		8990155E20F7A04700DCBA6A /* Resources */ = {
			isa = PBXResourcesBuildPhase;
			buildActionMask = 2147483647;
			files = (
			);
			runOnlyForDeploymentPostprocessing = 0;
		};
		8990156920F7A04700DCBA6A /* Resources */ = {
			isa = PBXResourcesBuildPhase;
			buildActionMask = 2147483647;
			files = (
			);
			runOnlyForDeploymentPostprocessing = 0;
		};
/* End PBXResourcesBuildPhase section */

/* Begin PBXSourcesBuildPhase section */
		8990154220F7A04600DCBA6A /* Sources */ = {
			isa = PBXSourcesBuildPhase;
			buildActionMask = 2147483647;
			files = (
				8990155020F7A04700DCBA6A /* GameScene.swift in Sources */,
				8990155220F7A04700DCBA6A /* GameViewController.swift in Sources */,
				8990154A20F7A04700DCBA6A /* AppDelegate.swift in Sources */,
			);
			runOnlyForDeploymentPostprocessing = 0;
		};
		8990155C20F7A04700DCBA6A /* Sources */ = {
			isa = PBXSourcesBuildPhase;
			buildActionMask = 2147483647;
			files = (
				8990156520F7A04700DCBA6A /* BreakoutTests.swift in Sources */,
			);
			runOnlyForDeploymentPostprocessing = 0;
		};
		8990156720F7A04700DCBA6A /* Sources */ = {
			isa = PBXSourcesBuildPhase;
			buildActionMask = 2147483647;
			files = (
				8990157020F7A04700DCBA6A /* BreakoutUITests.swift in Sources */,
			);
			runOnlyForDeploymentPostprocessing = 0;
		};
/* End PBXSourcesBuildPhase section */

/* Begin PBXTargetDependency section */
		8990156220F7A04700DCBA6A /* PBXTargetDependency */ = {
			isa = PBXTargetDependency;
			target = 8990154520F7A04600DCBA6A /* Breakout */;
			targetProxy = 8990156120F7A04700DCBA6A /* PBXContainerItemProxy */;
		};
		8990156D20F7A04700DCBA6A /* PBXTargetDependency */ = {
			isa = PBXTargetDependency;
			target = 8990154520F7A04600DCBA6A /* Breakout */;
			targetProxy = 8990156C20F7A04700DCBA6A /* PBXContainerItemProxy */;
		};
/* End PBXTargetDependency section */

/* Begin PBXVariantGroup section */
		8990155320F7A04700DCBA6A /* Main.storyboard */ = {
			isa = PBXVariantGroup;
			children = (
				8990155420F7A04700DCBA6A /* Base */,
			);
			name = Main.storyboard;
			sourceTree = "<group>";
		};
		8990155820F7A04700DCBA6A /* LaunchScreen.storyboard */ = {
			isa = PBXVariantGroup;
			children = (
				8990155920F7A04700DCBA6A /* Base */,
			);
			name = LaunchScreen.storyboard;
			sourceTree = "<group>";
		};
/* End PBXVariantGroup section */

/* Begin XCBuildConfiguration section */
		8990157220F7A04700DCBA6A /* Debug */ = {
			isa = XCBuildConfiguration;
			buildSettings = {
				ALWAYS_SEARCH_USER_PATHS = NO;
				CLANG_ANALYZER_NONNULL = YES;
				CLANG_ANALYZER_NUMBER_OBJECT_CONVERSION = YES_AGGRESSIVE;
				CLANG_CXX_LANGUAGE_STANDARD = "gnu++14";
				CLANG_CXX_LIBRARY = "libc++";
				CLANG_ENABLE_MODULES = YES;
				CLANG_ENABLE_OBJC_ARC = YES;
				CLANG_ENABLE_OBJC_WEAK = YES;
				CLANG_WARN_BLOCK_CAPTURE_AUTORELEASING = YES;
				CLANG_WARN_BOOL_CONVERSION = YES;
				CLANG_WARN_COMMA = YES;
				CLANG_WARN_CONSTANT_CONVERSION = YES;
				CLANG_WARN_DEPRECATED_OBJC_IMPLEMENTATIONS = YES;
				CLANG_WARN_DIRECT_OBJC_ISA_USAGE = YES_ERROR;
				CLANG_WARN_DOCUMENTATION_COMMENTS = YES;
				CLANG_WARN_EMPTY_BODY = YES;
				CLANG_WARN_ENUM_CONVERSION = YES;
				CLANG_WARN_INFINITE_RECURSION = YES;
				CLANG_WARN_INT_CONVERSION = YES;
				CLANG_WARN_NON_LITERAL_NULL_CONVERSION = YES;
				CLANG_WARN_OBJC_IMPLICIT_RETAIN_SELF = YES;
				CLANG_WARN_OBJC_LITERAL_CONVERSION = YES;
				CLANG_WARN_OBJC_ROOT_CLASS = YES_ERROR;
				CLANG_WARN_RANGE_LOOP_ANALYSIS = YES;
				CLANG_WARN_STRICT_PROTOTYPES = YES;
				CLANG_WARN_SUSPICIOUS_MOVE = YES;
				CLANG_WARN_UNGUARDED_AVAILABILITY = YES_AGGRESSIVE;
				CLANG_WARN_UNREACHABLE_CODE = YES;
				CLANG_WARN__DUPLICATE_METHOD_MATCH = YES;
				CODE_SIGN_IDENTITY = "iPhone Developer";
				COPY_PHASE_STRIP = NO;
				DEBUG_INFORMATION_FORMAT = dwarf;
				ENABLE_STRICT_OBJC_MSGSEND = YES;
				ENABLE_TESTABILITY = YES;
				GCC_C_LANGUAGE_STANDARD = gnu11;
				GCC_DYNAMIC_NO_PIC = NO;
				GCC_NO_COMMON_BLOCKS = YES;
				GCC_OPTIMIZATION_LEVEL = 0;
				GCC_PREPROCESSOR_DEFINITIONS = (
					"DEBUG=1",
					"$(inherited)",
				);
				GCC_WARN_64_TO_32_BIT_CONVERSION = YES;
				GCC_WARN_ABOUT_RETURN_TYPE = YES_ERROR;
				GCC_WARN_UNDECLARED_SELECTOR = YES;
				GCC_WARN_UNINITIALIZED_AUTOS = YES_AGGRESSIVE;
				GCC_WARN_UNUSED_FUNCTION = YES;
				GCC_WARN_UNUSED_VARIABLE = YES;
				IPHONEOS_DEPLOYMENT_TARGET = 11.4;
				MTL_ENABLE_DEBUG_INFO = YES;
				ONLY_ACTIVE_ARCH = YES;
				SDKROOT = iphoneos;
				SWIFT_ACTIVE_COMPILATION_CONDITIONS = DEBUG;
				SWIFT_OPTIMIZATION_LEVEL = "-Onone";
			};
			name = Debug;
		};
		8990157320F7A04700DCBA6A /* Release */ = {
			isa = XCBuildConfiguration;
			buildSettings = {
				ALWAYS_SEARCH_USER_PATHS = NO;
				CLANG_ANALYZER_NONNULL = YES;
				CLANG_ANALYZER_NUMBER_OBJECT_CONVERSION = YES_AGGRESSIVE;
				CLANG_CXX_LANGUAGE_STANDARD = "gnu++14";
				CLANG_CXX_LIBRARY = "libc++";
				CLANG_ENABLE_MODULES = YES;
				CLANG_ENABLE_OBJC_ARC = YES;
				CLANG_ENABLE_OBJC_WEAK = YES;
				CLANG_WARN_BLOCK_CAPTURE_AUTORELEASING = YES;
				CLANG_WARN_BOOL_CONVERSION = YES;
				CLANG_WARN_COMMA = YES;
				CLANG_WARN_CONSTANT_CONVERSION = YES;
				CLANG_WARN_DEPRECATED_OBJC_IMPLEMENTATIONS = YES;
				CLANG_WARN_DIRECT_OBJC_ISA_USAGE = YES_ERROR;
				CLANG_WARN_DOCUMENTATION_COMMENTS = YES;
				CLANG_WARN_EMPTY_BODY = YES;
				CLANG_WARN_ENUM_CONVERSION = YES;
				CLANG_WARN_INFINITE_RECURSION = YES;
				CLANG_WARN_INT_CONVERSION = YES;
				CLANG_WARN_NON_LITERAL_NULL_CONVERSION = YES;
				CLANG_WARN_OBJC_IMPLICIT_RETAIN_SELF = YES;
				CLANG_WARN_OBJC_LITERAL_CONVERSION = YES;
				CLANG_WARN_OBJC_ROOT_CLASS = YES_ERROR;
				CLANG_WARN_RANGE_LOOP_ANALYSIS = YES;
				CLANG_WARN_STRICT_PROTOTYPES = YES;
				CLANG_WARN_SUSPICIOUS_MOVE = YES;
				CLANG_WARN_UNGUARDED_AVAILABILITY = YES_AGGRESSIVE;
				CLANG_WARN_UNREACHABLE_CODE = YES;
				CLANG_WARN__DUPLICATE_METHOD_MATCH = YES;
				CODE_SIGN_IDENTITY = "iPhone Developer";
				COPY_PHASE_STRIP = NO;
				DEBUG_INFORMATION_FORMAT = "dwarf-with-dsym";
				ENABLE_NS_ASSERTIONS = NO;
				ENABLE_STRICT_OBJC_MSGSEND = YES;
				GCC_C_LANGUAGE_STANDARD = gnu11;
				GCC_NO_COMMON_BLOCKS = YES;
				GCC_WARN_64_TO_32_BIT_CONVERSION = YES;
				GCC_WARN_ABOUT_RETURN_TYPE = YES_ERROR;
				GCC_WARN_UNDECLARED_SELECTOR = YES;
				GCC_WARN_UNINITIALIZED_AUTOS = YES_AGGRESSIVE;
				GCC_WARN_UNUSED_FUNCTION = YES;
				GCC_WARN_UNUSED_VARIABLE = YES;
				IPHONEOS_DEPLOYMENT_TARGET = 11.4;
				MTL_ENABLE_DEBUG_INFO = NO;
				SDKROOT = iphoneos;
				SWIFT_COMPILATION_MODE = wholemodule;
				SWIFT_OPTIMIZATION_LEVEL = "-O";
				VALIDATE_PRODUCT = YES;
			};
			name = Release;
		};
		8990157520F7A04700DCBA6A /* Debug */ = {
			isa = XCBuildConfiguration;
			buildSettings = {
				ASSETCATALOG_COMPILER_APPICON_NAME = AppIcon;
				CODE_SIGN_STYLE = Automatic;
				DEVELOPMENT_TEAM = VA35W59BV9;
				INFOPLIST_FILE = Breakout/Info.plist;
				LD_RUNPATH_SEARCH_PATHS = (
					"$(inherited)",
					"@executable_path/Frameworks",
				);
				PRODUCT_BUNDLE_IDENTIFIER = "Aslan-Lee.Breakout";
				PRODUCT_NAME = "$(TARGET_NAME)";
				SWIFT_VERSION = 4.0;
				TARGETED_DEVICE_FAMILY = "1,2";
			};
			name = Debug;
		};
		8990157620F7A04700DCBA6A /* Release */ = {
			isa = XCBuildConfiguration;
			buildSettings = {
				ASSETCATALOG_COMPILER_APPICON_NAME = AppIcon;
				CODE_SIGN_STYLE = Automatic;
				DEVELOPMENT_TEAM = VA35W59BV9;
				INFOPLIST_FILE = Breakout/Info.plist;
				LD_RUNPATH_SEARCH_PATHS = (
					"$(inherited)",
					"@executable_path/Frameworks",
				);
				PRODUCT_BUNDLE_IDENTIFIER = "Aslan-Lee.Breakout";
				PRODUCT_NAME = "$(TARGET_NAME)";
				SWIFT_VERSION = 4.0;
				TARGETED_DEVICE_FAMILY = "1,2";
			};
			name = Release;
		};
		8990157820F7A04700DCBA6A /* Debug */ = {
			isa = XCBuildConfiguration;
			buildSettings = {
				ALWAYS_EMBED_SWIFT_STANDARD_LIBRARIES = YES;
				BUNDLE_LOADER = "$(TEST_HOST)";
				CODE_SIGN_STYLE = Automatic;
				DEVELOPMENT_TEAM = VA35W59BV9;
				INFOPLIST_FILE = BreakoutTests/Info.plist;
				LD_RUNPATH_SEARCH_PATHS = (
					"$(inherited)",
					"@executable_path/Frameworks",
					"@loader_path/Frameworks",
				);
				PRODUCT_BUNDLE_IDENTIFIER = "Aslan-Lee.BreakoutTests";
				PRODUCT_NAME = "$(TARGET_NAME)";
				SWIFT_VERSION = 4.0;
				TARGETED_DEVICE_FAMILY = "1,2";
				TEST_HOST = "$(BUILT_PRODUCTS_DIR)/Breakout.app/Breakout";
			};
			name = Debug;
		};
		8990157920F7A04700DCBA6A /* Release */ = {
			isa = XCBuildConfiguration;
			buildSettings = {
				ALWAYS_EMBED_SWIFT_STANDARD_LIBRARIES = YES;
				BUNDLE_LOADER = "$(TEST_HOST)";
				CODE_SIGN_STYLE = Automatic;
				DEVELOPMENT_TEAM = VA35W59BV9;
				INFOPLIST_FILE = BreakoutTests/Info.plist;
				LD_RUNPATH_SEARCH_PATHS = (
					"$(inherited)",
					"@executable_path/Frameworks",
					"@loader_path/Frameworks",
				);
				PRODUCT_BUNDLE_IDENTIFIER = "Aslan-Lee.BreakoutTests";
				PRODUCT_NAME = "$(TARGET_NAME)";
				SWIFT_VERSION = 4.0;
				TARGETED_DEVICE_FAMILY = "1,2";
				TEST_HOST = "$(BUILT_PRODUCTS_DIR)/Breakout.app/Breakout";
			};
			name = Release;
		};
		8990157B20F7A04700DCBA6A /* Debug */ = {
			isa = XCBuildConfiguration;
			buildSettings = {
				ALWAYS_EMBED_SWIFT_STANDARD_LIBRARIES = YES;
				CODE_SIGN_STYLE = Automatic;
				DEVELOPMENT_TEAM = VA35W59BV9;
				INFOPLIST_FILE = BreakoutUITests/Info.plist;
				LD_RUNPATH_SEARCH_PATHS = (
					"$(inherited)",
					"@executable_path/Frameworks",
					"@loader_path/Frameworks",
				);
				PRODUCT_BUNDLE_IDENTIFIER = "Aslan-Lee.BreakoutUITests";
				PRODUCT_NAME = "$(TARGET_NAME)";
				SWIFT_VERSION = 4.0;
				TARGETED_DEVICE_FAMILY = "1,2";
				TEST_TARGET_NAME = Breakout;
			};
			name = Debug;
		};
		8990157C20F7A04700DCBA6A /* Release */ = {
			isa = XCBuildConfiguration;
			buildSettings = {
				ALWAYS_EMBED_SWIFT_STANDARD_LIBRARIES = YES;
				CODE_SIGN_STYLE = Automatic;
				DEVELOPMENT_TEAM = VA35W59BV9;
				INFOPLIST_FILE = BreakoutUITests/Info.plist;
				LD_RUNPATH_SEARCH_PATHS = (
					"$(inherited)",
					"@executable_path/Frameworks",
					"@loader_path/Frameworks",
				);
				PRODUCT_BUNDLE_IDENTIFIER = "Aslan-Lee.BreakoutUITests";
				PRODUCT_NAME = "$(TARGET_NAME)";
				SWIFT_VERSION = 4.0;
				TARGETED_DEVICE_FAMILY = "1,2";
				TEST_TARGET_NAME = Breakout;
			};
			name = Release;
		};
/* End XCBuildConfiguration section */

/* Begin XCConfigurationList section */
		8990154120F7A04600DCBA6A /* Build configuration list for PBXProject "Breakout" */ = {
			isa = XCConfigurationList;
			buildConfigurations = (
				8990157220F7A04700DCBA6A /* Debug */,
				8990157320F7A04700DCBA6A /* Release */,
			);
			defaultConfigurationIsVisible = 0;
			defaultConfigurationName = Release;
		};
		8990157420F7A04700DCBA6A /* Build configuration list for PBXNativeTarget "Breakout" */ = {
			isa = XCConfigurationList;
			buildConfigurations = (
				8990157520F7A04700DCBA6A /* Debug */,
				8990157620F7A04700DCBA6A /* Release */,
			);
			defaultConfigurationIsVisible = 0;
			defaultConfigurationName = Release;
		};
		8990157720F7A04700DCBA6A /* Build configuration list for PBXNativeTarget "BreakoutTests" */ = {
			isa = XCConfigurationList;
			buildConfigurations = (
				8990157820F7A04700DCBA6A /* Debug */,
				8990157920F7A04700DCBA6A /* Release */,
			);
			defaultConfigurationIsVisible = 0;
			defaultConfigurationName = Release;
		};
		8990157A20F7A04700DCBA6A /* Build configuration list for PBXNativeTarget "BreakoutUITests" */ = {
			isa = XCConfigurationList;
			buildConfigurations = (
				8990157B20F7A04700DCBA6A /* Debug */,
				8990157C20F7A04700DCBA6A /* Release */,
			);
			defaultConfigurationIsVisible = 0;
			defaultConfigurationName = Release;
		};
/* End XCConfigurationList section */
	};
	rootObject = 8990153E20F7A04600DCBA6A /* Project object */;
}
